
Microsoft Visual Studio Solution File, Format Version 12.00
# Visual Studio Version 17
VisualStudioVersion = 17.4.33213.308
MinimumVisualStudioVersion = 10.0.40219.1
Project("{FAE04EC0-301F-11D3-BF4B-00C04F79EFBC}") = "Aula03", "Aula03.csproj", "{C05A2C7D-6A1F-48FA-8944-FE553B6A7290}"
EndProject
Global
	GlobalSection(SolutionConfigurationPlatforms) = preSolution
		Debug|Any CPU = Debug|Any CPU
		Release|Any CPU = Release|Any CPU
	EndGlobalSection
	GlobalSection(ProjectConfigurationPlatforms) = postSolution
		{C05A2C7D-6A1F-48FA-8944-FE553B6A7290}.Debug|Any CPU.ActiveCfg = Debug|Any CPU
		{C05A2C7D-6A1F-48FA-8944-FE553B6A7290}.Debug|Any CPU.Build.0 = Debug|Any CPU
		{C05A2C7D-6A1F-48FA-8944-FE553B6A7290}.Release|Any CPU.ActiveCfg = Release|Any CPU
		{C05A2C7D-6A1F-48FA-8944-FE553B6A7290}.Release|Any CPU.Build.0 = Release|Any CPU
	EndGlobalSection
	GlobalSection(SolutionProperties) = preSolution
		HideSolutionNode = FALSE
	EndGlobalSection
	GlobalSection(ExtensibilityGlobals) = postSolution
		SolutionGuid = {F81115B5-1A4E-4039-A6F8-1FEDBFA92C43}
	EndGlobalSection
EndGlobal
